
Microsoft Visual Studio Solution File, Format Version 12.00
# Visual Studio 15
VisualStudioVersion = 15.0.28307.1913
MinimumVisualStudioVersion = 10.0.40219.1
Project("{FAE04EC0-301F-11D3-BF4B-00C04F79EFBC}") = "ModificationDetector.WinForm", "ModificationDetector.WinForm\ModificationDetector.WinForm.csproj", "{E3DC72F3-0D8B-48F8-A0EA-8F4446B37F4F}"
EndProject
Project("{FAE04EC0-301F-11D3-BF4B-00C04F79EFBC}") = "ModificationDetector.WinForm.Sample", "ModificationDetector.WinForm.Sample\ModificationDetector.WinForm.Sample.csproj", "{1A3D925C-D9C6-4093-99FD-6B88C936C901}"
EndProject
Global
	GlobalSection(SolutionConfigurationPlatforms) = preSolution
		Debug|Any CPU = Debug|Any CPU
		Release|Any CPU = Release|Any CPU
	EndGlobalSection
	GlobalSection(ProjectConfigurationPlatforms) = postSolution
		{E3DC72F3-0D8B-48F8-A0EA-8F4446B37F4F}.Debug|Any CPU.ActiveCfg = Debug|Any CPU
		{E3DC72F3-0D8B-48F8-A0EA-8F4446B37F4F}.Debug|Any CPU.Build.0 = Debug|Any CPU
		{E3DC72F3-0D8B-48F8-A0EA-8F4446B37F4F}.Release|Any CPU.ActiveCfg = Release|Any CPU
		{E3DC72F3-0D8B-48F8-A0EA-8F4446B37F4F}.Release|Any CPU.Build.0 = Release|Any CPU
		{1A3D925C-D9C6-4093-99FD-6B88C936C901}.Debug|Any CPU.ActiveCfg = Debug|Any CPU
		{1A3D925C-D9C6-4093-99FD-6B88C936C901}.Debug|Any CPU.Build.0 = Debug|Any CPU
		{1A3D925C-D9C6-4093-99FD-6B88C936C901}.Release|Any CPU.ActiveCfg = Release|Any CPU
		{1A3D925C-D9C6-4093-99FD-6B88C936C901}.Release|Any CPU.Build.0 = Release|Any CPU
	EndGlobalSection
	GlobalSection(SolutionProperties) = preSolution
		HideSolutionNode = FALSE
	EndGlobalSection
	GlobalSection(ExtensibilityGlobals) = postSolution
		SolutionGuid = {4A0FE481-E023-4251-AFB4-3B587CD91B9A}
	EndGlobalSection
EndGlobal
